{
  "name": "bungie-api-oop",
  "version": "0.1.0",
  "lockfileVersion": 2,
  "requires": true,
  "packages": {
    "": {
      "name": "bungie-api-oop",
      "version": "0.1.0",
      "license": "MIT",
      "dependencies": {
        "bungie-api-ts": "^4.15.0"
      }
    },
    "node_modules/bungie-api-ts": {
      "version": "4.15.0",
      "resolved": "https://registry.npmjs.org/bungie-api-ts/-/bungie-api-ts-4.15.0.tgz",
      "integrity": "sha512-QMFCr4Smfit5Do4FZ+Cl5QsvS0CVbSJJ5vLBB0CtkiY+zSTnzkAzeUMmNEVBmF5uBcGGcTxWja/434huMMBVNA==",
      "engines": {
        "node": ">=13.2.0"
      }
    }
  },
  "dependencies": {
    "bungie-api-ts": {
      "version": "4.15.0",
      "resolved": "https://registry.npmjs.org/bungie-api-ts/-/bungie-api-ts-4.15.0.tgz",
      "integrity": "sha512-QMFCr4Smfit5Do4FZ+Cl5QsvS0CVbSJJ5vLBB0CtkiY+zSTnzkAzeUMmNEVBmF5uBcGGcTxWja/434huMMBVNA=="
    }
  }
}
